// !$*UTF8*$!
{
	archiveVersion = 1;
	classes = {
	};
	objectVersion = 46;
	objects = {

/* Begin PBXBuildFile section */
		3BDDD0981CFB1E6300EDBAD6 /* main.m in Sources */ = {isa = PBXBuildFile; fileRef = 3BDDD0971CFB1E6300EDBAD6 /* main.m */; };
		3BDDD09B1CFB1E6300EDBAD6 /* AppDelegate.m in Sources */ = {isa = PBXBuildFile; fileRef = 3BDDD09A1CFB1E6300EDBAD6 /* AppDelegate.m */; };
		3BDDD09E1CFB1E6300EDBAD6 /* ViewController.m in Sources */ = {isa = PBXBuildFile; fileRef = 3BDDD09D1CFB1E6300EDBAD6 /* ViewController.m */; };
		3BDDD0A11CFB1E6300EDBAD6 /* Main.storyboard in Resources */ = {isa = PBXBuildFile; fileRef = 3BDDD09F1CFB1E6300EDBAD6 /* Main.storyboard */; };
		3BDDD0A31CFB1E6300EDBAD6 /* Assets.xcassets in Resources */ = {isa = PBXBuildFile; fileRef = 3BDDD0A21CFB1E6300EDBAD6 /* Assets.xcassets */; };
		3BDDD0A61CFB1E6300EDBAD6 /* LaunchScreen.storyboard in Resources */ = {isa = PBXBuildFile; fileRef = 3BDDD0A41CFB1E6300EDBAD6 /* LaunchScreen.storyboard */; };
		3BDDD0B11CFB1E6300EDBAD6 /* CollectionViewLayoutTests.m in Sources */ = {isa = PBXBuildFile; fileRef = 3BDDD0B01CFB1E6300EDBAD6 /* CollectionViewLayoutTests.m */; };
		3BDDD0BC1CFB1E6300EDBAD6 /* CollectionViewLayoutUITests.m in Sources */ = {isa = PBXBuildFile; fileRef = 3BDDD0BB1CFB1E6300EDBAD6 /* CollectionViewLayoutUITests.m */; };
		3BE6B11B1CFBD21100995F2D /* ImageCell.m in Sources */ = {isa = PBXBuildFile; fileRef = 3BE6B1191CFBD21100995F2D /* ImageCell.m */; };
		3BE6B11C1CFBD21100995F2D /* ImageCell.xib in Resources */ = {isa = PBXBuildFile; fileRef = 3BE6B11A1CFBD21100995F2D /* ImageCell.xib */; };
		3BE6B11F1CFBDA2500995F2D /* LineLayout.m in Sources */ = {isa = PBXBuildFile; fileRef = 3BE6B11E1CFBDA2500995F2D /* LineLayout.m */; };
/* End PBXBuildFile section */

/* Begin PBXContainerItemProxy section */
		3BDDD0AD1CFB1E6300EDBAD6 /* PBXContainerItemProxy */ = {
			isa = PBXContainerItemProxy;
			containerPortal = 3BDDD08B1CFB1E6300EDBAD6 /* Project object */;
			proxyType = 1;
			remoteGlobalIDString = 3BDDD0921CFB1E6300EDBAD6;
			remoteInfo = CollectionViewLayout;
		};
		3BDDD0B81CFB1E6300EDBAD6 /* PBXContainerItemProxy */ = {
			isa = PBXContainerItemProxy;
			containerPortal = 3BDDD08B1CFB1E6300EDBAD6 /* Project object */;
			proxyType = 1;
			remoteGlobalIDString = 3BDDD0921CFB1E6300EDBAD6;
			remoteInfo = CollectionViewLayout;
		};
/* End PBXContainerItemProxy section */

/* Begin PBXFileReference section */
		3BDDD0931CFB1E6300EDBAD6 /* CollectionViewLayout.app */ = {isa = PBXFileReference; explicitFileType = wrapper.application; includeInIndex = 0; path = CollectionViewLayout.app; sourceTree = BUILT_PRODUCTS_DIR; };
		3BDDD0971CFB1E6300EDBAD6 /* main.m */ = {isa = PBXFileReference; lastKnownFileType = sourcecode.c.objc; path = main.m; sourceTree = "<group>"; };
		3BDDD0991CFB1E6300EDBAD6 /* AppDelegate.h */ = {isa = PBXFileReference; lastKnownFileType = sourcecode.c.h; path = AppDelegate.h; sourceTree = "<group>"; };
		3BDDD09A1CFB1E6300EDBAD6 /* AppDelegate.m */ = {isa = PBXFileReference; lastKnownFileType = sourcecode.c.objc; path = AppDelegate.m; sourceTree = "<group>"; };
		3BDDD09C1CFB1E6300EDBAD6 /* ViewController.h */ = {isa = PBXFileReference; lastKnownFileType = sourcecode.c.h; path = ViewController.h; sourceTree = "<group>"; };
		3BDDD09D1CFB1E6300EDBAD6 /* ViewController.m */ = {isa = PBXFileReference; lastKnownFileType = sourcecode.c.objc; path = ViewController.m; sourceTree = "<group>"; };
		3BDDD0A01CFB1E6300EDBAD6 /* Base */ = {isa = PBXFileReference; lastKnownFileType = file.storyboard; name = Base; path = Base.lproj/Main.storyboard; sourceTree = "<group>"; };
		3BDDD0A21CFB1E6300EDBAD6 /* Assets.xcassets */ = {isa = PBXFileReference; lastKnownFileType = folder.assetcatalog; path = Assets.xcassets; sourceTree = "<group>"; };
		3BDDD0A51CFB1E6300EDBAD6 /* Base */ = {isa = PBXFileReference; lastKnownFileType = file.storyboard; name = Base; path = Base.lproj/LaunchScreen.storyboard; sourceTree = "<group>"; };
		3BDDD0A71CFB1E6300EDBAD6 /* Info.plist */ = {isa = PBXFileReference; lastKnownFileType = text.plist.xml; path = Info.plist; sourceTree = "<group>"; };
		3BDDD0AC1CFB1E6300EDBAD6 /* CollectionViewLayoutTests.xctest */ = {isa = PBXFileReference; explicitFileType = wrapper.cfbundle; includeInIndex = 0; path = CollectionViewLayoutTests.xctest; sourceTree = BUILT_PRODUCTS_DIR; };
		3BDDD0B01CFB1E6300EDBAD6 /* CollectionViewLayoutTests.m */ = {isa = PBXFileReference; lastKnownFileType = sourcecode.c.objc; path = CollectionViewLayoutTests.m; sourceTree = "<group>"; };
		3BDDD0B21CFB1E6300EDBAD6 /* Info.plist */ = {isa = PBXFileReference; lastKnownFileType = text.plist.xml; path = Info.plist; sourceTree = "<group>"; };
		3BDDD0B71CFB1E6300EDBAD6 /* CollectionViewLayoutUITests.xctest */ = {isa = PBXFileReference; explicitFileType = wrapper.cfbundle; includeInIndex = 0; path = CollectionViewLayoutUITests.xctest; sourceTree = BUILT_PRODUCTS_DIR; };
		3BDDD0BB1CFB1E6300EDBAD6 /* CollectionViewLayoutUITests.m */ = {isa = PBXFileReference; lastKnownFileType = sourcecode.c.objc; path = CollectionViewLayoutUITests.m; sourceTree = "<group>"; };
		3BDDD0BD1CFB1E6300EDBAD6 /* Info.plist */ = {isa = PBXFileReference; lastKnownFileType = text.plist.xml; path = Info.plist; sourceTree = "<group>"; };
		3BE6B1181CFBD21100995F2D /* ImageCell.h */ = {isa = PBXFileReference; fileEncoding = 4; lastKnownFileType = sourcecode.c.h; path = ImageCell.h; sourceTree = "<group>"; };
		3BE6B1191CFBD21100995F2D /* ImageCell.m */ = {isa = PBXFileReference; fileEncoding = 4; lastKnownFileType = sourcecode.c.objc; path = ImageCell.m; sourceTree = "<group>"; };
		3BE6B11A1CFBD21100995F2D /* ImageCell.xib */ = {isa = PBXFileReference; fileEncoding = 4; lastKnownFileType = file.xib; path = ImageCell.xib; sourceTree = "<group>"; };
		3BE6B11D1CFBDA2500995F2D /* LineLayout.h */ = {isa = PBXFileReference; fileEncoding = 4; lastKnownFileType = sourcecode.c.h; path = LineLayout.h; sourceTree = "<group>"; };
		3BE6B11E1CFBDA2500995F2D /* LineLayout.m */ = {isa = PBXFileReference; fileEncoding = 4; lastKnownFileType = sourcecode.c.objc; path = LineLayout.m; sourceTree = "<group>"; };
/* End PBXFileReference section */

/* Begin PBXFrameworksBuildPhase section */
		3BDDD0901CFB1E6300EDBAD6 /* Frameworks */ = {
			isa = PBXFrameworksBuildPhase;
			buildActionMask = 2147483647;
			files = (
			);
			runOnlyForDeploymentPostprocessing = 0;
		};
		3BDDD0A91CFB1E6300EDBAD6 /* Frameworks */ = {
			isa = PBXFrameworksBuildPhase;
			buildActionMask = 2147483647;
			files = (
			);
			runOnlyForDeploymentPostprocessing = 0;
		};
		3BDDD0B41CFB1E6300EDBAD6 /* Frameworks */ = {
			isa = PBXFrameworksBuildPhase;
			buildActionMask = 2147483647;
			files = (
			);
			runOnlyForDeploymentPostprocessing = 0;
		};
/* End PBXFrameworksBuildPhase section */

/* Begin PBXGroup section */
		3BDDD08A1CFB1E6300EDBAD6 = {
			isa = PBXGroup;
			children = (
				3BDDD0951CFB1E6300EDBAD6 /* CollectionViewLayout */,
				3BDDD0AF1CFB1E6300EDBAD6 /* CollectionViewLayoutTests */,
				3BDDD0BA1CFB1E6300EDBAD6 /* CollectionViewLayoutUITests */,
				3BDDD0941CFB1E6300EDBAD6 /* Products */,
			);
			sourceTree = "<group>";
		};
		3BDDD0941CFB1E6300EDBAD6 /* Products */ = {
			isa = PBXGroup;
			children = (
				3BDDD0931CFB1E6300EDBAD6 /* CollectionViewLayout.app */,
				3BDDD0AC1CFB1E6300EDBAD6 /* CollectionViewLayoutTests.xctest */,
				3BDDD0B71CFB1E6300EDBAD6 /* CollectionViewLayoutUITests.xctest */,
			);
			name = Products;
			sourceTree = "<group>";
		};
		3BDDD0951CFB1E6300EDBAD6 /* CollectionViewLayout */ = {
			isa = PBXGroup;
			children = (
				3BDDD0991CFB1E6300EDBAD6 /* AppDelegate.h */,
				3BDDD09A1CFB1E6300EDBAD6 /* AppDelegate.m */,
				3BDDD09C1CFB1E6300EDBAD6 /* ViewController.h */,
				3BDDD09D1CFB1E6300EDBAD6 /* ViewController.m */,
				3BE6B1181CFBD21100995F2D /* ImageCell.h */,
				3BE6B1191CFBD21100995F2D /* ImageCell.m */,
				3BE6B11A1CFBD21100995F2D /* ImageCell.xib */,
				3BE6B11D1CFBDA2500995F2D /* LineLayout.h */,
				3BE6B11E1CFBDA2500995F2D /* LineLayout.m */,
				3BDDD0961CFB1E6300EDBAD6 /* Supporting Files */,
			);
			path = CollectionViewLayout;
			sourceTree = "<group>";
		};
		3BDDD0961CFB1E6300EDBAD6 /* Supporting Files */ = {
			isa = PBXGroup;
			children = (
				3BDDD09F1CFB1E6300EDBAD6 /* Main.storyboard */,
				3BDDD0A21CFB1E6300EDBAD6 /* Assets.xcassets */,
				3BDDD0A41CFB1E6300EDBAD6 /* LaunchScreen.storyboard */,
				3BDDD0A71CFB1E6300EDBAD6 /* Info.plist */,
				3BDDD0971CFB1E6300EDBAD6 /* main.m */,
			);
			name = "Supporting Files";
			sourceTree = "<group>";
		};
		3BDDD0AF1CFB1E6300EDBAD6 /* CollectionViewLayoutTests */ = {
			isa = PBXGroup;
			children = (
				3BDDD0B01CFB1E6300EDBAD6 /* CollectionViewLayoutTests.m */,
				3BDDD0B21CFB1E6300EDBAD6 /* Info.plist */,
			);
			path = CollectionViewLayoutTests;
			sourceTree = "<group>";
		};
		3BDDD0BA1CFB1E6300EDBAD6 /* CollectionViewLayoutUITests */ = {
			isa = PBXGroup;
			children = (
				3BDDD0BB1CFB1E6300EDBAD6 /* CollectionViewLayoutUITests.m */,
				3BDDD0BD1CFB1E6300EDBAD6 /* Info.plist */,
			);
			path = CollectionViewLayoutUITests;
			sourceTree = "<group>";
		};
/* End PBXGroup section */

/* Begin PBXNativeTarget section */
		3BDDD0921CFB1E6300EDBAD6 /* CollectionViewLayout */ = {
			isa = PBXNativeTarget;
			buildConfigurationList = 3BDDD0C01CFB1E6300EDBAD6 /* Build configuration list for PBXNativeTarget "CollectionViewLayout" */;
			buildPhases = (
				3BDDD08F1CFB1E6300EDBAD6 /* Sources */,
				3BDDD0901CFB1E6300EDBAD6 /* Frameworks */,
				3BDDD0911CFB1E6300EDBAD6 /* Resources */,
			);
			buildRules = (
			);
			dependencies = (
			);
			name = CollectionViewLayout;
			productName = CollectionViewLayout;
			productReference = 3BDDD0931CFB1E6300EDBAD6 /* CollectionViewLayout.app */;
			productType = "com.apple.product-type.application";
		};
		3BDDD0AB1CFB1E6300EDBAD6 /* CollectionViewLayoutTests */ = {
			isa = PBXNativeTarget;
			buildConfigurationList = 3BDDD0C31CFB1E6300EDBAD6 /* Build configuration list for PBXNativeTarget "CollectionViewLayoutTests" */;
			buildPhases = (
				3BDDD0A81CFB1E6300EDBAD6 /* Sources */,
				3BDDD0A91CFB1E6300EDBAD6 /* Frameworks */,
				3BDDD0AA1CFB1E6300EDBAD6 /* Resources */,
			);
			buildRules = (
			);
			dependencies = (
				3BDDD0AE1CFB1E6300EDBAD6 /* PBXTargetDependency */,
			);
			name = CollectionViewLayoutTests;
			productName = CollectionViewLayoutTests;
			productReference = 3BDDD0AC1CFB1E6300EDBAD6 /* CollectionViewLayoutTests.xctest */;
			productType = "com.apple.product-type.bundle.unit-test";
		};
		3BDDD0B61CFB1E6300EDBAD6 /* CollectionViewLayoutUITests */ = {
			isa = PBXNativeTarget;
			buildConfigurationList = 3BDDD0C61CFB1E6300EDBAD6 /* Build configuration list for PBXNativeTarget "CollectionViewLayoutUITests" */;
			buildPhases = (
				3BDDD0B31CFB1E6300EDBAD6 /* Sources */,
				3BDDD0B41CFB1E6300EDBAD6 /* Frameworks */,
				3BDDD0B51CFB1E6300EDBAD6 /* Resources */,
			);
			buildRules = (
			);
			dependencies = (
				3BDDD0B91CFB1E6300EDBAD6 /* PBXTargetDependency */,
			);
			name = CollectionViewLayoutUITests;
			productName = CollectionViewLayoutUITests;
			productReference = 3BDDD0B71CFB1E6300EDBAD6 /* CollectionViewLayoutUITests.xctest */;
			productType = "com.apple.product-type.bundle.ui-testing";
		};
/* End PBXNativeTarget section */

/* Begin PBXProject section */
		3BDDD08B1CFB1E6300EDBAD6 /* Project object */ = {
			isa = PBXProject;
			attributes = {
				LastUpgradeCheck = 0730;
				ORGANIZATIONNAME = dxy;
				TargetAttributes = {
					3BDDD0921CFB1E6300EDBAD6 = {
						CreatedOnToolsVersion = 7.3;
						DevelopmentTeam = 6CHGQRLLDW;
					};
					3BDDD0AB1CFB1E6300EDBAD6 = {
						CreatedOnToolsVersion = 7.3;
						DevelopmentTeam = 6CHGQRLLDW;
						TestTargetID = 3BDDD0921CFB1E6300EDBAD6;
					};
					3BDDD0B61CFB1E6300EDBAD6 = {
						CreatedOnToolsVersion = 7.3;
						DevelopmentTeam = 6CHGQRLLDW;
						TestTargetID = 3BDDD0921CFB1E6300EDBAD6;
					};
				};
			};
			buildConfigurationList = 3BDDD08E1CFB1E6300EDBAD6 /* Build configuration list for PBXProject "CollectionViewLayout" */;
			compatibilityVersion = "Xcode 3.2";
			developmentRegion = English;
			hasScannedForEncodings = 0;
			knownRegions = (
				en,
				Base,
			);
			mainGroup = 3BDDD08A1CFB1E6300EDBAD6;
			productRefGroup = 3BDDD0941CFB1E6300EDBAD6 /* Products */;
			projectDirPath = "";
			projectRoot = "";
			targets = (
				3BDDD0921CFB1E6300EDBAD6 /* CollectionViewLayout */,
				3BDDD0AB1CFB1E6300EDBAD6 /* CollectionViewLayoutTests */,
				3BDDD0B61CFB1E6300EDBAD6 /* CollectionViewLayoutUITests */,
			);
		};
/* End PBXProject section */

/* Begin PBXResourcesBuildPhase section */
		3BDDD0911CFB1E6300EDBAD6 /* Resources */ = {
			isa = PBXResourcesBuildPhase;
			buildActionMask = 2147483647;
			files = (
				3BDDD0A61CFB1E6300EDBAD6 /* LaunchScreen.storyboard in Resources */,
				3BE6B11C1CFBD21100995F2D /* ImageCell.xib in Resources */,
				3BDDD0A31CFB1E6300EDBAD6 /* Assets.xcassets in Resources */,
				3BDDD0A11CFB1E6300EDBAD6 /* Main.storyboard in Resources */,
			);
			runOnlyForDeploymentPostprocessing = 0;
		};
		3BDDD0AA1CFB1E6300EDBAD6 /* Resources */ = {
			isa = PBXResourcesBuildPhase;
			buildActionMask = 2147483647;
			files = (
			);
			runOnlyForDeploymentPostprocessing = 0;
		};
		3BDDD0B51CFB1E6300EDBAD6 /* Resources */ = {
			isa = PBXResourcesBuildPhase;
			buildActionMask = 2147483647;
			files = (
			);
			runOnlyForDeploymentPostprocessing = 0;
		};
/* End PBXResourcesBuildPhase section */

/* Begin PBXSourcesBuildPhase section */
		3BDDD08F1CFB1E6300EDBAD6 /* Sources */ = {
			isa = PBXSourcesBuildPhase;
			buildActionMask = 2147483647;
			files = (
				3BDDD09E1CFB1E6300EDBAD6 /* ViewController.m in Sources */,
				3BE6B11B1CFBD21100995F2D /* ImageCell.m in Sources */,
				3BDDD09B1CFB1E6300EDBAD6 /* AppDelegate.m in Sources */,
				3BE6B11F1CFBDA2500995F2D /* LineLayout.m in Sources */,
				3BDDD0981CFB1E6300EDBAD6 /* main.m in Sources */,
			);
			runOnlyForDeploymentPostprocessing = 0;
		};
		3BDDD0A81CFB1E6300EDBAD6 /* Sources */ = {
			isa = PBXSourcesBuildPhase;
			buildActionMask = 2147483647;
			files = (
				3BDDD0B11CFB1E6300EDBAD6 /* CollectionViewLayoutTests.m in Sources */,
			);
			runOnlyForDeploymentPostprocessing = 0;
		};
		3BDDD0B31CFB1E6300EDBAD6 /* Sources */ = {
			isa = PBXSourcesBuildPhase;
			buildActionMask = 2147483647;
			files = (
				3BDDD0BC1CFB1E6300EDBAD6 /* CollectionViewLayoutUITests.m in Sources */,
			);
			runOnlyForDeploymentPostprocessing = 0;
		};
/* End PBXSourcesBuildPhase section */

/* Begin PBXTargetDependency section */
		3BDDD0AE1CFB1E6300EDBAD6 /* PBXTargetDependency */ = {
			isa = PBXTargetDependency;
			target = 3BDDD0921CFB1E6300EDBAD6 /* CollectionViewLayout */;
			targetProxy = 3BDDD0AD1CFB1E6300EDBAD6 /* PBXContainerItemProxy */;
		};
		3BDDD0B91CFB1E6300EDBAD6 /* PBXTargetDependency */ = {
			isa = PBXTargetDependency;
			target = 3BDDD0921CFB1E6300EDBAD6 /* CollectionViewLayout */;
			targetProxy = 3BDDD0B81CFB1E6300EDBAD6 /* PBXContainerItemProxy */;
		};
/* End PBXTargetDependency section */

/* Begin PBXVariantGroup section */
		3BDDD09F1CFB1E6300EDBAD6 /* Main.storyboard */ = {
			isa = PBXVariantGroup;
			children = (
				3BDDD0A01CFB1E6300EDBAD6 /* Base */,
			);
			name = Main.storyboard;
			sourceTree = "<group>";
		};
		3BDDD0A41CFB1E6300EDBAD6 /* LaunchScreen.storyboard */ = {
			isa = PBXVariantGroup;
			children = (
				3BDDD0A51CFB1E6300EDBAD6 /* Base */,
			);
			name = LaunchScreen.storyboard;
			sourceTree = "<group>";
		};
/* End PBXVariantGroup section */

/* Begin XCBuildConfiguration section */
		3BDDD0BE1CFB1E6300EDBAD6 /* Debug */ = {
			isa = XCBuildConfiguration;
			buildSettings = {
				ALWAYS_SEARCH_USER_PATHS = NO;
				CLANG_ANALYZER_NONNULL = YES;
				CLANG_CXX_LANGUAGE_STANDARD = "gnu++0x";
				CLANG_CXX_LIBRARY = "libc++";
				CLANG_ENABLE_MODULES = YES;
				CLANG_ENABLE_OBJC_ARC = YES;
				CLANG_WARN_BOOL_CONVERSION = YES;
				CLANG_WARN_CONSTANT_CONVERSION = YES;
				CLANG_WARN_DIRECT_OBJC_ISA_USAGE = YES_ERROR;
				CLANG_WARN_EMPTY_BODY = YES;
				CLANG_WARN_ENUM_CONVERSION = YES;
				CLANG_WARN_INT_CONVERSION = YES;
				CLANG_WARN_OBJC_ROOT_CLASS = YES_ERROR;
				CLANG_WARN_UNREACHABLE_CODE = YES;
				CLANG_WARN__DUPLICATE_METHOD_MATCH = YES;
				"CODE_SIGN_IDENTITY[sdk=iphoneos*]" = "iPhone Developer";
				COPY_PHASE_STRIP = NO;
				DEBUG_INFORMATION_FORMAT = dwarf;
				ENABLE_STRICT_OBJC_MSGSEND = YES;
				ENABLE_TESTABILITY = YES;
				GCC_C_LANGUAGE_STANDARD = gnu99;
				GCC_DYNAMIC_NO_PIC = NO;
				GCC_NO_COMMON_BLOCKS = YES;
				GCC_OPTIMIZATION_LEVEL = 0;
				GCC_PREPROCESSOR_DEFINITIONS = (
					"DEBUG=1",
					"$(inherited)",
				);
				GCC_WARN_64_TO_32_BIT_CONVERSION = YES;
				GCC_WARN_ABOUT_RETURN_TYPE = YES_ERROR;
				GCC_WARN_UNDECLARED_SELECTOR = YES;
				GCC_WARN_UNINITIALIZED_AUTOS = YES_AGGRESSIVE;
				GCC_WARN_UNUSED_FUNCTION = YES;
				GCC_WARN_UNUSED_VARIABLE = YES;
				IPHONEOS_DEPLOYMENT_TARGET = 9.3;
				MTL_ENABLE_DEBUG_INFO = YES;
				ONLY_ACTIVE_ARCH = YES;
				SDKROOT = iphoneos;
			};
			name = Debug;
		};
		3BDDD0BF1CFB1E6300EDBAD6 /* Release */ = {
			isa = XCBuildConfiguration;
			buildSettings = {
				ALWAYS_SEARCH_USER_PATHS = NO;
				CLANG_ANALYZER_NONNULL = YES;
				CLANG_CXX_LANGUAGE_STANDARD = "gnu++0x";
				CLANG_CXX_LIBRARY = "libc++";
				CLANG_ENABLE_MODULES = YES;
				CLANG_ENABLE_OBJC_ARC = YES;
				CLANG_WARN_BOOL_CONVERSION = YES;
				CLANG_WARN_CONSTANT_CONVERSION = YES;
				CLANG_WARN_DIRECT_OBJC_ISA_USAGE = YES_ERROR;
				CLANG_WARN_EMPTY_BODY = YES;
				CLANG_WARN_ENUM_CONVERSION = YES;
				CLANG_WARN_INT_CONVERSION = YES;
				CLANG_WARN_OBJC_ROOT_CLASS = YES_ERROR;
				CLANG_WARN_UNREACHABLE_CODE = YES;
				CLANG_WARN__DUPLICATE_METHOD_MATCH = YES;
				"CODE_SIGN_IDENTITY[sdk=iphoneos*]" = "iPhone Developer";
				COPY_PHASE_STRIP = NO;
				DEBUG_INFORMATION_FORMAT = "dwarf-with-dsym";
				ENABLE_NS_ASSERTIONS = NO;
				ENABLE_STRICT_OBJC_MSGSEND = YES;
				GCC_C_LANGUAGE_STANDARD = gnu99;
				GCC_NO_COMMON_BLOCKS = YES;
				GCC_WARN_64_TO_32_BIT_CONVERSION = YES;
				GCC_WARN_ABOUT_RETURN_TYPE = YES_ERROR;
				GCC_WARN_UNDECLARED_SELECTOR = YES;
				GCC_WARN_UNINITIALIZED_AUTOS = YES_AGGRESSIVE;
				GCC_WARN_UNUSED_FUNCTION = YES;
				GCC_WARN_UNUSED_VARIABLE = YES;
				IPHONEOS_DEPLOYMENT_TARGET = 9.3;
				MTL_ENABLE_DEBUG_INFO = NO;
				SDKROOT = iphoneos;
				VALIDATE_PRODUCT = YES;
			};
			name = Release;
		};
		3BDDD0C11CFB1E6300EDBAD6 /* Debug */ = {
			isa = XCBuildConfiguration;
			buildSettings = {
				ASSETCATALOG_COMPILER_APPICON_NAME = AppIcon;
				INFOPLIST_FILE = CollectionViewLayout/Info.plist;
				LD_RUNPATH_SEARCH_PATHS = "$(inherited) @executable_path/Frameworks";
				PRODUCT_BUNDLE_IDENTIFIER = cn.dxy.CollectionViewLayout;
				PRODUCT_NAME = "$(TARGET_NAME)";
			};
			name = Debug;
		};
		3BDDD0C21CFB1E6300EDBAD6 /* Release */ = {
			isa = XCBuildConfiguration;
			buildSettings = {
				ASSETCATALOG_COMPILER_APPICON_NAME = AppIcon;
				INFOPLIST_FILE = CollectionViewLayout/Info.plist;
				LD_RUNPATH_SEARCH_PATHS = "$(inherited) @executable_path/Frameworks";
				PRODUCT_BUNDLE_IDENTIFIER = cn.dxy.CollectionViewLayout;
				PRODUCT_NAME = "$(TARGET_NAME)";
			};
			name = Release;
		};
		3BDDD0C41CFB1E6300EDBAD6 /* Debug */ = {
			isa = XCBuildConfiguration;
			buildSettings = {
				BUNDLE_LOADER = "$(TEST_HOST)";
				INFOPLIST_FILE = CollectionViewLayoutTests/Info.plist;
				LD_RUNPATH_SEARCH_PATHS = "$(inherited) @executable_path/Frameworks @loader_path/Frameworks";
				PRODUCT_BUNDLE_IDENTIFIER = cn.dxy.CollectionViewLayoutTests;
				PRODUCT_NAME = "$(TARGET_NAME)";
				TEST_HOST = "$(BUILT_PRODUCTS_DIR)/CollectionViewLayout.app/CollectionViewLayout";
			};
			name = Debug;
		};
		3BDDD0C51CFB1E6300EDBAD6 /* Release */ = {
			isa = XCBuildConfiguration;
			buildSettings = {
				BUNDLE_LOADER = "$(TEST_HOST)";
				INFOPLIST_FILE = CollectionViewLayoutTests/Info.plist;
				LD_RUNPATH_SEARCH_PATHS = "$(inherited) @executable_path/Frameworks @loader_path/Frameworks";
				PRODUCT_BUNDLE_IDENTIFIER = cn.dxy.CollectionViewLayoutTests;
				PRODUCT_NAME = "$(TARGET_NAME)";
				TEST_HOST = "$(BUILT_PRODUCTS_DIR)/CollectionViewLayout.app/CollectionViewLayout";
			};
			name = Release;
		};
		3BDDD0C71CFB1E6300EDBAD6 /* Debug */ = {
			isa = XCBuildConfiguration;
			buildSettings = {
				INFOPLIST_FILE = CollectionViewLayoutUITests/Info.plist;
				LD_RUNPATH_SEARCH_PATHS = "$(inherited) @executable_path/Frameworks @loader_path/Frameworks";
				PRODUCT_BUNDLE_IDENTIFIER = cn.dxy.CollectionViewLayoutUITests;
				PRODUCT_NAME = "$(TARGET_NAME)";
				TEST_TARGET_NAME = CollectionViewLayout;
			};
			name = Debug;
		};
		3BDDD0C81CFB1E6300EDBAD6 /* Release */ = {
			isa = XCBuildConfiguration;
			buildSettings = {
				INFOPLIST_FILE = CollectionViewLayoutUITests/Info.plist;
				LD_RUNPATH_SEARCH_PATHS = "$(inherited) @executable_path/Frameworks @loader_path/Frameworks";
				PRODUCT_BUNDLE_IDENTIFIER = cn.dxy.CollectionViewLayoutUITests;
				PRODUCT_NAME = "$(TARGET_NAME)";
				TEST_TARGET_NAME = CollectionViewLayout;
			};
			name = Release;
		};
/* End XCBuildConfiguration section */

/* Begin XCConfigurationList section */
		3BDDD08E1CFB1E6300EDBAD6 /* Build configuration list for PBXProject "CollectionViewLayout" */ = {
			isa = XCConfigurationList;
			buildConfigurations = (
				3BDDD0BE1CFB1E6300EDBAD6 /* Debug */,
				3BDDD0BF1CFB1E6300EDBAD6 /* Release */,
			);
			defaultConfigurationIsVisible = 0;
			defaultConfigurationName = Release;
		};
		3BDDD0C01CFB1E6300EDBAD6 /* Build configuration list for PBXNativeTarget "CollectionViewLayout" */ = {
			isa = XCConfigurationList;
			buildConfigurations = (
				3BDDD0C11CFB1E6300EDBAD6 /* Debug */,
				3BDDD0C21CFB1E6300EDBAD6 /* Release */,
			);
			defaultConfigurationIsVisible = 0;
			defaultConfigurationName = Release;
		};
		3BDDD0C31CFB1E6300EDBAD6 /* Build configuration list for PBXNativeTarget "CollectionViewLayoutTests" */ = {
			isa = XCConfigurationList;
			buildConfigurations = (
				3BDDD0C41CFB1E6300EDBAD6 /* Debug */,
				3BDDD0C51CFB1E6300EDBAD6 /* Release */,
			);
			defaultConfigurationIsVisible = 0;
			defaultConfigurationName = Release;
		};
		3BDDD0C61CFB1E6300EDBAD6 /* Build configuration list for PBXNativeTarget "CollectionViewLayoutUITests" */ = {
			isa = XCConfigurationList;
			buildConfigurations = (
				3BDDD0C71CFB1E6300EDBAD6 /* Debug */,
				3BDDD0C81CFB1E6300EDBAD6 /* Release */,
			);
			defaultConfigurationIsVisible = 0;
			defaultConfigurationName = Release;
		};
/* End XCConfigurationList section */
	};
	rootObject = 3BDDD08B1CFB1E6300EDBAD6 /* Project object */;
}
